
Microsoft Visual Studio Solution File, Format Version 12.00
# Visual Studio Version 16
VisualStudioVersion = 16.0.33423.256
MinimumVisualStudioVersion = 10.0.40219.1
Project("{FAE04EC0-301F-11D3-BF4B-00C04F79EFBC}") = "BuscarEnArray", "BuscarEnArray\BuscarEnArray.csproj", "{F9358BA2-DF70-4E1A-AA18-AC61EE43099B}"
EndProject
Global
	GlobalSection(SolutionConfigurationPlatforms) = preSolution
		Debug|Any CPU = Debug|Any CPU
		Release|Any CPU = Release|Any CPU
	EndGlobalSection
	GlobalSection(ProjectConfigurationPlatforms) = postSolution
		{F9358BA2-DF70-4E1A-AA18-AC61EE43099B}.Debug|Any CPU.ActiveCfg = Debug|Any CPU
		{F9358BA2-DF70-4E1A-AA18-AC61EE43099B}.Debug|Any CPU.Build.0 = Debug|Any CPU
		{F9358BA2-DF70-4E1A-AA18-AC61EE43099B}.Release|Any CPU.ActiveCfg = Release|Any CPU
		{F9358BA2-DF70-4E1A-AA18-AC61EE43099B}.Release|Any CPU.Build.0 = Release|Any CPU
	EndGlobalSection
	GlobalSection(SolutionProperties) = preSolution
		HideSolutionNode = FALSE
	EndGlobalSection
	GlobalSection(ExtensibilityGlobals) = postSolution
		SolutionGuid = {E903C3CF-E6C2-4387-8CE9-A169C3AB63B9}
	EndGlobalSection
EndGlobal
